
Microsoft Visual Studio Solution File, Format Version 12.00
# Visual Studio Version 16
VisualStudioVersion = 16.0.30406.217
MinimumVisualStudioVersion = 10.0.40219.1
Project("{9A19103F-16F7-4668-BE54-9A1E7A4F7556}") = "HelloAKS", "HelloAKS.csproj", "{56414265-3221-4FC6-91A2-6EE7EA49CA3C}"
EndProject
Global
	GlobalSection(SolutionConfigurationPlatforms) = preSolution
		Debug|Any CPU = Debug|Any CPU
		Release|Any CPU = Release|Any CPU
	EndGlobalSection
	GlobalSection(ProjectConfigurationPlatforms) = postSolution
		{56414265-3221-4FC6-91A2-6EE7EA49CA3C}.Debug|Any CPU.ActiveCfg = Debug|Any CPU
		{56414265-3221-4FC6-91A2-6EE7EA49CA3C}.Debug|Any CPU.Build.0 = Debug|Any CPU
		{56414265-3221-4FC6-91A2-6EE7EA49CA3C}.Release|Any CPU.ActiveCfg = Release|Any CPU
		{56414265-3221-4FC6-91A2-6EE7EA49CA3C}.Release|Any CPU.Build.0 = Release|Any CPU
	EndGlobalSection
	GlobalSection(SolutionProperties) = preSolution
		HideSolutionNode = FALSE
	EndGlobalSection
	GlobalSection(ExtensibilityGlobals) = postSolution
		SolutionGuid = {F2B37C02-E87B-4F2B-9B63-F3102FD9DDCB}
	EndGlobalSection
EndGlobal
